
Microsoft Visual Studio Solution File, Format Version 12.00
# Visual Studio 15
VisualStudioVersion = 15.0.28307.902
MinimumVisualStudioVersion = 10.0.40219.1
Project("{9A19103F-16F7-4668-BE54-9A1E7A4F7556}") = "CustomerServiceAPI", "CustomerServiceAPI\CustomerServiceAPI.csproj", "{C4B38DDA-7580-4713-A327-9A6B42399E81}"
EndProject
Project("{9A19103F-16F7-4668-BE54-9A1E7A4F7556}") = "CustomerServiceAPI.Tests", "CustomerServiceAPI.Tests\CustomerServiceAPI.Tests.csproj", "{BEB4C039-2880-4622-A748-F05FD8704F17}"
EndProject
Global
	GlobalSection(SolutionConfigurationPlatforms) = preSolution
		Debug|Any CPU = Debug|Any CPU
		Release|Any CPU = Release|Any CPU
	EndGlobalSection
	GlobalSection(ProjectConfigurationPlatforms) = postSolution
		{C4B38DDA-7580-4713-A327-9A6B42399E81}.Debug|Any CPU.ActiveCfg = Debug|Any CPU
		{C4B38DDA-7580-4713-A327-9A6B42399E81}.Debug|Any CPU.Build.0 = Debug|Any CPU
		{C4B38DDA-7580-4713-A327-9A6B42399E81}.Release|Any CPU.ActiveCfg = Release|Any CPU
		{C4B38DDA-7580-4713-A327-9A6B42399E81}.Release|Any CPU.Build.0 = Release|Any CPU
		{BEB4C039-2880-4622-A748-F05FD8704F17}.Debug|Any CPU.ActiveCfg = Debug|Any CPU
		{BEB4C039-2880-4622-A748-F05FD8704F17}.Debug|Any CPU.Build.0 = Debug|Any CPU
		{BEB4C039-2880-4622-A748-F05FD8704F17}.Release|Any CPU.ActiveCfg = Release|Any CPU
		{BEB4C039-2880-4622-A748-F05FD8704F17}.Release|Any CPU.Build.0 = Release|Any CPU
	EndGlobalSection
	GlobalSection(SolutionProperties) = preSolution
		HideSolutionNode = FALSE
	EndGlobalSection
	GlobalSection(ExtensibilityGlobals) = postSolution
		SolutionGuid = {9A3768F7-4C3B-444F-8B15-10E69D7584A5}
	EndGlobalSection
EndGlobal
